
Microsoft Visual Studio Solution File, Format Version 12.00
# Visual Studio Version 17
VisualStudioVersion = 17.0.31903.59
MinimumVisualStudioVersion = 10.0.40219.1
Project("{FAE04EC0-301F-11D3-BF4B-00C04F79EFBC}") = "API", "API\API.csproj", "{2B728B88-2FD0-4B96-955D-7D73DC253509}"
EndProject
Project("{FAE04EC0-301F-11D3-BF4B-00C04F79EFBC}") = "Application", "Application\Application.csproj", "{A6CD411C-540D-4F25-A3C7-DB427C52EB1D}"
EndProject
Project("{FAE04EC0-301F-11D3-BF4B-00C04F79EFBC}") = "Domain", "Domain\Domain.csproj", "{763499BE-FC5E-462F-887F-7CA08A00B196}"
EndProject
Project("{FAE04EC0-301F-11D3-BF4B-00C04F79EFBC}") = "Persistence", "Persistence\Persistence.csproj", "{7A9DF20A-FFCC-49E6-8861-7584A405BE8F}"
EndProject
Global
	GlobalSection(SolutionConfigurationPlatforms) = preSolution
		Debug|Any CPU = Debug|Any CPU
		Release|Any CPU = Release|Any CPU
	EndGlobalSection
	GlobalSection(SolutionProperties) = preSolution
		HideSolutionNode = FALSE
	EndGlobalSection
	GlobalSection(ProjectConfigurationPlatforms) = postSolution
		{2B728B88-2FD0-4B96-955D-7D73DC253509}.Debug|Any CPU.ActiveCfg = Debug|Any CPU
		{2B728B88-2FD0-4B96-955D-7D73DC253509}.Debug|Any CPU.Build.0 = Debug|Any CPU
		{2B728B88-2FD0-4B96-955D-7D73DC253509}.Release|Any CPU.ActiveCfg = Release|Any CPU
		{2B728B88-2FD0-4B96-955D-7D73DC253509}.Release|Any CPU.Build.0 = Release|Any CPU
		{A6CD411C-540D-4F25-A3C7-DB427C52EB1D}.Debug|Any CPU.ActiveCfg = Debug|Any CPU
		{A6CD411C-540D-4F25-A3C7-DB427C52EB1D}.Debug|Any CPU.Build.0 = Debug|Any CPU
		{A6CD411C-540D-4F25-A3C7-DB427C52EB1D}.Release|Any CPU.ActiveCfg = Release|Any CPU
		{A6CD411C-540D-4F25-A3C7-DB427C52EB1D}.Release|Any CPU.Build.0 = Release|Any CPU
		{763499BE-FC5E-462F-887F-7CA08A00B196}.Debug|Any CPU.ActiveCfg = Debug|Any CPU
		{763499BE-FC5E-462F-887F-7CA08A00B196}.Debug|Any CPU.Build.0 = Debug|Any CPU
		{763499BE-FC5E-462F-887F-7CA08A00B196}.Release|Any CPU.ActiveCfg = Release|Any CPU
		{763499BE-FC5E-462F-887F-7CA08A00B196}.Release|Any CPU.Build.0 = Release|Any CPU
		{7A9DF20A-FFCC-49E6-8861-7584A405BE8F}.Debug|Any CPU.ActiveCfg = Debug|Any CPU
		{7A9DF20A-FFCC-49E6-8861-7584A405BE8F}.Debug|Any CPU.Build.0 = Debug|Any CPU
		{7A9DF20A-FFCC-49E6-8861-7584A405BE8F}.Release|Any CPU.ActiveCfg = Release|Any CPU
		{7A9DF20A-FFCC-49E6-8861-7584A405BE8F}.Release|Any CPU.Build.0 = Release|Any CPU
	EndGlobalSection
EndGlobal
